
Microsoft Visual Studio Solution File, Format Version 12.00
# Visual Studio Version 17
VisualStudioVersion = 17.0.31903.59
MinimumVisualStudioVersion = 10.0.40219.1
Project("{2150E333-8FDC-42A3-9474-1A3956D46DE8}") = "src", "src", "{DCAAFD49-2089-4DDD-809F-A1AA10263AEA}"
EndProject
Project("{2150E333-8FDC-42A3-9474-1A3956D46DE8}") = "Domain", "Domain", "{0BFE4682-520C-4617-A58C-749B67F15A4D}"
EndProject
Project("{9A19103F-16F7-4668-BE54-9A1E7A4F7556}") = "SingerSong.Domain", "src\Domain\SingerSong.Domain\SingerSong.Domain.csproj", "{B16922A8-EDC9-4315-8459-D80D2EC8CD14}"
EndProject
Project("{2150E333-8FDC-42A3-9474-1A3956D46DE8}") = "Application", "Application", "{8DD298CD-B24E-4641-8A99-60845B503EC0}"
EndProject
Project("{9A19103F-16F7-4668-BE54-9A1E7A4F7556}") = "SingerSong.Application", "src\Application\SingerSong.Application\SingerSong.Application.csproj", "{5F7D628A-2C2D-4FC9-8A44-89A9CFB2AA23}"
EndProject
Project("{2150E333-8FDC-42A3-9474-1A3956D46DE8}") = "Persistence", "Persistence", "{935EDA1A-729B-4C15-A554-3A3E1AA2DB2B}"
EndProject
Project("{9A19103F-16F7-4668-BE54-9A1E7A4F7556}") = "SingerSong.Persistence", "src\Persistence\SingerSong.Persistence\SingerSong.Persistence.csproj", "{04E17EFE-7D79-4A09-9E5B-CF6A6C1E5562}"
EndProject
Project("{2150E333-8FDC-42A3-9474-1A3956D46DE8}") = "Core", "Core", "{8F28220F-E1A8-4224-A6D1-CC2596EE7C23}"
EndProject
Project("{9A19103F-16F7-4668-BE54-9A1E7A4F7556}") = "SingerSong.Core", "src\Core\SingerSong.Core\SingerSong.Core.csproj", "{14BABB0B-A77C-4245-B5D4-09123DCB35FA}"
EndProject
Project("{2150E333-8FDC-42A3-9474-1A3956D46DE8}") = "Presentation", "Presentation", "{183851FF-8F7C-4C1D-B234-FDD648793A9E}"
EndProject
Project("{2150E333-8FDC-42A3-9474-1A3956D46DE8}") = "WebApi", "WebApi", "{FD1FD77E-F9EF-4556-B627-C72DF019A8C2}"
EndProject
Project("{9A19103F-16F7-4668-BE54-9A1E7A4F7556}") = "SingerSong.WebAPI", "src\Presentation\WebApi\SingerSong.WebAPI\SingerSong.WebAPI.csproj", "{B0BE8CDE-F754-4C5F-934B-7A24B4504060}"
EndProject
Project("{2150E333-8FDC-42A3-9474-1A3956D46DE8}") = "test", "test", "{DC4AAF35-ABAA-4B9F-97D5-12C4156A9FF4}"
EndProject
Project("{2150E333-8FDC-42A3-9474-1A3956D46DE8}") = "Client", "Client", "{3D9C7232-EE49-40C1-B22C-F902B903E969}"
EndProject
Project("{FAE04EC0-301F-11D3-BF4B-00C04F79EFBC}") = "SingerSong.Console", "src\Presentation\Client\SingerSong.Console\SingerSong.Console.csproj", "{F3D36157-F117-4CAA-B159-6D74A213DB38}"
EndProject
Global
	GlobalSection(SolutionConfigurationPlatforms) = preSolution
		Debug|Any CPU = Debug|Any CPU
		Release|Any CPU = Release|Any CPU
	EndGlobalSection
	GlobalSection(ProjectConfigurationPlatforms) = postSolution
		{B16922A8-EDC9-4315-8459-D80D2EC8CD14}.Debug|Any CPU.ActiveCfg = Debug|Any CPU
		{B16922A8-EDC9-4315-8459-D80D2EC8CD14}.Debug|Any CPU.Build.0 = Debug|Any CPU
		{B16922A8-EDC9-4315-8459-D80D2EC8CD14}.Release|Any CPU.ActiveCfg = Release|Any CPU
		{B16922A8-EDC9-4315-8459-D80D2EC8CD14}.Release|Any CPU.Build.0 = Release|Any CPU
		{5F7D628A-2C2D-4FC9-8A44-89A9CFB2AA23}.Debug|Any CPU.ActiveCfg = Debug|Any CPU
		{5F7D628A-2C2D-4FC9-8A44-89A9CFB2AA23}.Debug|Any CPU.Build.0 = Debug|Any CPU
		{5F7D628A-2C2D-4FC9-8A44-89A9CFB2AA23}.Release|Any CPU.ActiveCfg = Release|Any CPU
		{5F7D628A-2C2D-4FC9-8A44-89A9CFB2AA23}.Release|Any CPU.Build.0 = Release|Any CPU
		{04E17EFE-7D79-4A09-9E5B-CF6A6C1E5562}.Debug|Any CPU.ActiveCfg = Debug|Any CPU
		{04E17EFE-7D79-4A09-9E5B-CF6A6C1E5562}.Debug|Any CPU.Build.0 = Debug|Any CPU
		{04E17EFE-7D79-4A09-9E5B-CF6A6C1E5562}.Release|Any CPU.ActiveCfg = Release|Any CPU
		{04E17EFE-7D79-4A09-9E5B-CF6A6C1E5562}.Release|Any CPU.Build.0 = Release|Any CPU
		{14BABB0B-A77C-4245-B5D4-09123DCB35FA}.Debug|Any CPU.ActiveCfg = Debug|Any CPU
		{14BABB0B-A77C-4245-B5D4-09123DCB35FA}.Debug|Any CPU.Build.0 = Debug|Any CPU
		{14BABB0B-A77C-4245-B5D4-09123DCB35FA}.Release|Any CPU.ActiveCfg = Release|Any CPU
		{14BABB0B-A77C-4245-B5D4-09123DCB35FA}.Release|Any CPU.Build.0 = Release|Any CPU
		{B0BE8CDE-F754-4C5F-934B-7A24B4504060}.Debug|Any CPU.ActiveCfg = Debug|Any CPU
		{B0BE8CDE-F754-4C5F-934B-7A24B4504060}.Debug|Any CPU.Build.0 = Debug|Any CPU
		{B0BE8CDE-F754-4C5F-934B-7A24B4504060}.Release|Any CPU.ActiveCfg = Release|Any CPU
		{B0BE8CDE-F754-4C5F-934B-7A24B4504060}.Release|Any CPU.Build.0 = Release|Any CPU
		{F3D36157-F117-4CAA-B159-6D74A213DB38}.Debug|Any CPU.ActiveCfg = Debug|Any CPU
		{F3D36157-F117-4CAA-B159-6D74A213DB38}.Debug|Any CPU.Build.0 = Debug|Any CPU
		{F3D36157-F117-4CAA-B159-6D74A213DB38}.Release|Any CPU.ActiveCfg = Release|Any CPU
		{F3D36157-F117-4CAA-B159-6D74A213DB38}.Release|Any CPU.Build.0 = Release|Any CPU
	EndGlobalSection
	GlobalSection(SolutionProperties) = preSolution
		HideSolutionNode = FALSE
	EndGlobalSection
	GlobalSection(NestedProjects) = preSolution
		{0BFE4682-520C-4617-A58C-749B67F15A4D} = {DCAAFD49-2089-4DDD-809F-A1AA10263AEA}
		{B16922A8-EDC9-4315-8459-D80D2EC8CD14} = {0BFE4682-520C-4617-A58C-749B67F15A4D}
		{8DD298CD-B24E-4641-8A99-60845B503EC0} = {DCAAFD49-2089-4DDD-809F-A1AA10263AEA}
		{5F7D628A-2C2D-4FC9-8A44-89A9CFB2AA23} = {8DD298CD-B24E-4641-8A99-60845B503EC0}
		{935EDA1A-729B-4C15-A554-3A3E1AA2DB2B} = {DCAAFD49-2089-4DDD-809F-A1AA10263AEA}
		{04E17EFE-7D79-4A09-9E5B-CF6A6C1E5562} = {935EDA1A-729B-4C15-A554-3A3E1AA2DB2B}
		{8F28220F-E1A8-4224-A6D1-CC2596EE7C23} = {DCAAFD49-2089-4DDD-809F-A1AA10263AEA}
		{14BABB0B-A77C-4245-B5D4-09123DCB35FA} = {8F28220F-E1A8-4224-A6D1-CC2596EE7C23}
		{183851FF-8F7C-4C1D-B234-FDD648793A9E} = {DCAAFD49-2089-4DDD-809F-A1AA10263AEA}
		{FD1FD77E-F9EF-4556-B627-C72DF019A8C2} = {183851FF-8F7C-4C1D-B234-FDD648793A9E}
		{B0BE8CDE-F754-4C5F-934B-7A24B4504060} = {FD1FD77E-F9EF-4556-B627-C72DF019A8C2}
		{3D9C7232-EE49-40C1-B22C-F902B903E969} = {183851FF-8F7C-4C1D-B234-FDD648793A9E}
		{F3D36157-F117-4CAA-B159-6D74A213DB38} = {3D9C7232-EE49-40C1-B22C-F902B903E969}
	EndGlobalSection
	GlobalSection(ExtensibilityGlobals) = postSolution
		SolutionGuid = {AD5508CC-03CC-4692-9C26-15E69D7D133A}
	EndGlobalSection
EndGlobal
