
Microsoft Visual Studio Solution File, Format Version 12.00
# Visual Studio Version 16
VisualStudioVersion = 16.0.30114.105
MinimumVisualStudioVersion = 10.0.40219.1
Project("{FAE04EC0-301F-11D3-BF4B-00C04F79EFBC}") = "BookStore.WebApi", "BookStore.WebApi\BookStore.WebApi.csproj", "{7C892445-D2F6-4DC9-BFE0-98FE556E26A5}"
EndProject
Project("{2150E333-8FDC-42A3-9474-1A3956D46DE8}") = "Tests", "Tests", "{AC7F6DFB-9DE6-4132-BE9F-A3CFDE8CF066}"
EndProject
Project("{FAE04EC0-301F-11D3-BF4B-00C04F79EFBC}") = "WebApi.UnitTests", "Tests\WebApi.UnitTests\WebApi.UnitTests.csproj", "{D3E4C1FB-C645-48AC-B226-A578B15258B5}"
EndProject
Global
	GlobalSection(SolutionConfigurationPlatforms) = preSolution
		Debug|Any CPU = Debug|Any CPU
		Debug|x64 = Debug|x64
		Debug|x86 = Debug|x86
		Release|Any CPU = Release|Any CPU
		Release|x64 = Release|x64
		Release|x86 = Release|x86
	EndGlobalSection
	GlobalSection(SolutionProperties) = preSolution
		HideSolutionNode = FALSE
	EndGlobalSection
	GlobalSection(ProjectConfigurationPlatforms) = postSolution
		{7C892445-D2F6-4DC9-BFE0-98FE556E26A5}.Debug|Any CPU.ActiveCfg = Debug|Any CPU
		{7C892445-D2F6-4DC9-BFE0-98FE556E26A5}.Debug|Any CPU.Build.0 = Debug|Any CPU
		{7C892445-D2F6-4DC9-BFE0-98FE556E26A5}.Debug|x64.ActiveCfg = Debug|Any CPU
		{7C892445-D2F6-4DC9-BFE0-98FE556E26A5}.Debug|x64.Build.0 = Debug|Any CPU
		{7C892445-D2F6-4DC9-BFE0-98FE556E26A5}.Debug|x86.ActiveCfg = Debug|Any CPU
		{7C892445-D2F6-4DC9-BFE0-98FE556E26A5}.Debug|x86.Build.0 = Debug|Any CPU
		{7C892445-D2F6-4DC9-BFE0-98FE556E26A5}.Release|Any CPU.ActiveCfg = Release|Any CPU
		{7C892445-D2F6-4DC9-BFE0-98FE556E26A5}.Release|Any CPU.Build.0 = Release|Any CPU
		{7C892445-D2F6-4DC9-BFE0-98FE556E26A5}.Release|x64.ActiveCfg = Release|Any CPU
		{7C892445-D2F6-4DC9-BFE0-98FE556E26A5}.Release|x64.Build.0 = Release|Any CPU
		{7C892445-D2F6-4DC9-BFE0-98FE556E26A5}.Release|x86.ActiveCfg = Release|Any CPU
		{7C892445-D2F6-4DC9-BFE0-98FE556E26A5}.Release|x86.Build.0 = Release|Any CPU
		{D3E4C1FB-C645-48AC-B226-A578B15258B5}.Debug|Any CPU.ActiveCfg = Debug|Any CPU
		{D3E4C1FB-C645-48AC-B226-A578B15258B5}.Debug|Any CPU.Build.0 = Debug|Any CPU
		{D3E4C1FB-C645-48AC-B226-A578B15258B5}.Debug|x64.ActiveCfg = Debug|Any CPU
		{D3E4C1FB-C645-48AC-B226-A578B15258B5}.Debug|x64.Build.0 = Debug|Any CPU
		{D3E4C1FB-C645-48AC-B226-A578B15258B5}.Debug|x86.ActiveCfg = Debug|Any CPU
		{D3E4C1FB-C645-48AC-B226-A578B15258B5}.Debug|x86.Build.0 = Debug|Any CPU
		{D3E4C1FB-C645-48AC-B226-A578B15258B5}.Release|Any CPU.ActiveCfg = Release|Any CPU
		{D3E4C1FB-C645-48AC-B226-A578B15258B5}.Release|Any CPU.Build.0 = Release|Any CPU
		{D3E4C1FB-C645-48AC-B226-A578B15258B5}.Release|x64.ActiveCfg = Release|Any CPU
		{D3E4C1FB-C645-48AC-B226-A578B15258B5}.Release|x64.Build.0 = Release|Any CPU
		{D3E4C1FB-C645-48AC-B226-A578B15258B5}.Release|x86.ActiveCfg = Release|Any CPU
		{D3E4C1FB-C645-48AC-B226-A578B15258B5}.Release|x86.Build.0 = Release|Any CPU
	EndGlobalSection
	GlobalSection(NestedProjects) = preSolution
		{D3E4C1FB-C645-48AC-B226-A578B15258B5} = {AC7F6DFB-9DE6-4132-BE9F-A3CFDE8CF066}
	EndGlobalSection
EndGlobal
