
Microsoft Visual Studio Solution File, Format Version 12.00
# Visual Studio Version 17
VisualStudioVersion = 17.0.31919.166
MinimumVisualStudioVersion = 10.0.40219.1
Project("{9A19103F-16F7-4668-BE54-9A1E7A4F7556}") = "MovieStore.WebApi", "MovieStore.WebApi\MovieStore.WebApi.csproj", "{0C17BB77-2A22-48B9-A552-FEB7502A9192}"
EndProject
Global
	GlobalSection(SolutionConfigurationPlatforms) = preSolution
		Debug|Any CPU = Debug|Any CPU
		Release|Any CPU = Release|Any CPU
	EndGlobalSection
	GlobalSection(ProjectConfigurationPlatforms) = postSolution
		{0C17BB77-2A22-48B9-A552-FEB7502A9192}.Debug|Any CPU.ActiveCfg = Debug|Any CPU
		{0C17BB77-2A22-48B9-A552-FEB7502A9192}.Debug|Any CPU.Build.0 = Debug|Any CPU
		{0C17BB77-2A22-48B9-A552-FEB7502A9192}.Release|Any CPU.ActiveCfg = Release|Any CPU
		{0C17BB77-2A22-48B9-A552-FEB7502A9192}.Release|Any CPU.Build.0 = Release|Any CPU
	EndGlobalSection
	GlobalSection(SolutionProperties) = preSolution
		HideSolutionNode = FALSE
	EndGlobalSection
	GlobalSection(ExtensibilityGlobals) = postSolution
		SolutionGuid = {BD2EEAA9-C346-4DCA-9F32-B316E1106AE3}
	EndGlobalSection
EndGlobal
